
Microsoft Visual Studio Solution File, Format Version 12.00
# Visual Studio Version 17
VisualStudioVersion = 17.5.002.0
MinimumVisualStudioVersion = 10.0.40219.1
Project("{2150E333-8FDC-42A3-9474-1A3956D46DE8}") = "Files", "Files", "{51768B77-531D-4E73-BC41-2DBE4F14E9C3}"
EndProject
Project("{9A19103F-16F7-4668-BE54-9A1E7A4F7556}") = "CreateFiles", "Files\CreateFiles\CreateFiles.csproj", "{23CD6DE4-2553-46E6-90B0-0C04D5D5B697}"
EndProject
Project("{9A19103F-16F7-4668-BE54-9A1E7A4F7556}") = "Directories", "Files\Directories\Directories.csproj", "{F68824C8-4518-4AC7-9506-61B918705848}"
EndProject
Project("{9A19103F-16F7-4668-BE54-9A1E7A4F7556}") = "FileInfo", "Files\FileInfo\FileInfo.csproj", "{08CBC042-22BC-444C-9125-C33D6C05AF2C}"
EndProject
Project("{9A19103F-16F7-4668-BE54-9A1E7A4F7556}") = "ReadWriteFiles", "Files\ReadWriteFiles\ReadWriteFiles.csproj", "{31CCA766-06FF-41DC-A0FB-D649FD77D348}"
EndProject
Project("{2150E333-8FDC-42A3-9474-1A3956D46DE8}") = "NumbersDates", "NumbersDates", "{9EF569B2-0B47-46F4-94A2-99A54E0999BF}"
EndProject
Project("{9A19103F-16F7-4668-BE54-9A1E7A4F7556}") = "DateTimeClass", "NumbersDates\DateTimeClass\DateTimeClass.csproj", "{EFD40250-224E-45C6-B87D-A5513F42D9D8}"
EndProject
Project("{9A19103F-16F7-4668-BE54-9A1E7A4F7556}") = "FormatDates", "NumbersDates\FormatDates\FormatDates.csproj", "{0B6DF9B6-E498-4133-A372-CFB3436AE8AD}"
EndProject
Project("{9A19103F-16F7-4668-BE54-9A1E7A4F7556}") = "FormatNumbers", "NumbersDates\FormatNumbers\FormatNumbers.csproj", "{3FFD3A24-FC43-42DD-9E4B-097AA033FBD4}"
EndProject
Project("{9A19103F-16F7-4668-BE54-9A1E7A4F7556}") = "ParseDates", "NumbersDates\ParseDates\ParseDates.csproj", "{0E914AA0-B2BC-481D-B90F-5D5019E94811}"
EndProject
Project("{9A19103F-16F7-4668-BE54-9A1E7A4F7556}") = "ParseNumbers", "NumbersDates\ParseNumbers\ParseNumbers.csproj", "{92324B5A-6A47-4530-9352-0D4B4AE941E8}"
EndProject
Project("{2150E333-8FDC-42A3-9474-1A3956D46DE8}") = "Overview", "Overview", "{5BC32BDD-E7F8-4696-B08F-319D1463AAD2}"
EndProject
Project("{9A19103F-16F7-4668-BE54-9A1E7A4F7556}") = "DataTypes", "Overview\DataTypes\DataTypes.csproj", "{9DFA9CE9-D364-463D-B537-93727A8F9130}"
EndProject
Project("{9A19103F-16F7-4668-BE54-9A1E7A4F7556}") = "GarbageCollect", "Overview\GarbageCollect\GarbageCollect.csproj", "{A29B5D15-CC74-47C1-AB07-9B31570E6F39}"
EndProject
Project("{9A19103F-16F7-4668-BE54-9A1E7A4F7556}") = "MyConsoleApp", "Overview\MyConsoleApp\MyConsoleApp.csproj", "{6E7284AC-E127-4322-A906-B17EECC11F8F}"
EndProject
Project("{2150E333-8FDC-42A3-9474-1A3956D46DE8}") = "Regex", "Regex", "{4CE7028D-05BA-4727-BFFB-C8D13071A663}"
EndProject
Project("{9A19103F-16F7-4668-BE54-9A1E7A4F7556}") = "Finding", "Regex\Finding\Finding.csproj", "{D4E21705-E9E8-4263-8EA5-61D0D0CA5841}"
EndProject
Project("{9A19103F-16F7-4668-BE54-9A1E7A4F7556}") = "Replacing", "Regex\Replacing\Replacing.csproj", "{2412FC54-1975-4753-B2D8-C6FFC813085F}"
EndProject
Project("{9A19103F-16F7-4668-BE54-9A1E7A4F7556}") = "RegexTimeouts", "Regex\Timeouts\RegexTimeouts.csproj", "{A83CF870-2A86-4C20-A1B1-A8FF5B4C3FFC}"
EndProject
Project("{2150E333-8FDC-42A3-9474-1A3956D46DE8}") = "Strings", "Strings", "{356DF766-3BB1-4526-8939-08E29043D7DD}"
EndProject
Project("{9A19103F-16F7-4668-BE54-9A1E7A4F7556}") = "Formatting", "Strings\Formatting\Formatting.csproj", "{6E6F4C64-ED45-4931-9394-DBB365202D6A}"
EndProject
Project("{9A19103F-16F7-4668-BE54-9A1E7A4F7556}") = "Interpolation", "Strings\Interpolation\Interpolation.csproj", "{847FF05A-48DE-4BB4-B3F2-F18DC4039580}"
EndProject
Project("{9A19103F-16F7-4668-BE54-9A1E7A4F7556}") = "Manipulation", "Strings\Manipulation\Manipulation.csproj", "{60E8C70E-F9C6-4FE6-AA6B-C1EE19F4F84D}"
EndProject
Project("{9A19103F-16F7-4668-BE54-9A1E7A4F7556}") = "Searching", "Strings\Searching\Searching.csproj", "{6B496BF8-1858-403B-B281-742BB577F381}"
EndProject
Global
	GlobalSection(SolutionConfigurationPlatforms) = preSolution
		Debug|Any CPU = Debug|Any CPU
		Release|Any CPU = Release|Any CPU
	EndGlobalSection
	GlobalSection(ProjectConfigurationPlatforms) = postSolution
		{23CD6DE4-2553-46E6-90B0-0C04D5D5B697}.Debug|Any CPU.ActiveCfg = Debug|Any CPU
		{23CD6DE4-2553-46E6-90B0-0C04D5D5B697}.Debug|Any CPU.Build.0 = Debug|Any CPU
		{23CD6DE4-2553-46E6-90B0-0C04D5D5B697}.Release|Any CPU.ActiveCfg = Release|Any CPU
		{23CD6DE4-2553-46E6-90B0-0C04D5D5B697}.Release|Any CPU.Build.0 = Release|Any CPU
		{F68824C8-4518-4AC7-9506-61B918705848}.Debug|Any CPU.ActiveCfg = Debug|Any CPU
		{F68824C8-4518-4AC7-9506-61B918705848}.Debug|Any CPU.Build.0 = Debug|Any CPU
		{F68824C8-4518-4AC7-9506-61B918705848}.Release|Any CPU.ActiveCfg = Release|Any CPU
		{F68824C8-4518-4AC7-9506-61B918705848}.Release|Any CPU.Build.0 = Release|Any CPU
		{08CBC042-22BC-444C-9125-C33D6C05AF2C}.Debug|Any CPU.ActiveCfg = Debug|Any CPU
		{08CBC042-22BC-444C-9125-C33D6C05AF2C}.Debug|Any CPU.Build.0 = Debug|Any CPU
		{08CBC042-22BC-444C-9125-C33D6C05AF2C}.Release|Any CPU.ActiveCfg = Release|Any CPU
		{08CBC042-22BC-444C-9125-C33D6C05AF2C}.Release|Any CPU.Build.0 = Release|Any CPU
		{31CCA766-06FF-41DC-A0FB-D649FD77D348}.Debug|Any CPU.ActiveCfg = Debug|Any CPU
		{31CCA766-06FF-41DC-A0FB-D649FD77D348}.Debug|Any CPU.Build.0 = Debug|Any CPU
		{31CCA766-06FF-41DC-A0FB-D649FD77D348}.Release|Any CPU.ActiveCfg = Release|Any CPU
		{31CCA766-06FF-41DC-A0FB-D649FD77D348}.Release|Any CPU.Build.0 = Release|Any CPU
		{EFD40250-224E-45C6-B87D-A5513F42D9D8}.Debug|Any CPU.ActiveCfg = Debug|Any CPU
		{EFD40250-224E-45C6-B87D-A5513F42D9D8}.Debug|Any CPU.Build.0 = Debug|Any CPU
		{EFD40250-224E-45C6-B87D-A5513F42D9D8}.Release|Any CPU.ActiveCfg = Release|Any CPU
		{EFD40250-224E-45C6-B87D-A5513F42D9D8}.Release|Any CPU.Build.0 = Release|Any CPU
		{0B6DF9B6-E498-4133-A372-CFB3436AE8AD}.Debug|Any CPU.ActiveCfg = Debug|Any CPU
		{0B6DF9B6-E498-4133-A372-CFB3436AE8AD}.Debug|Any CPU.Build.0 = Debug|Any CPU
		{0B6DF9B6-E498-4133-A372-CFB3436AE8AD}.Release|Any CPU.ActiveCfg = Release|Any CPU
		{0B6DF9B6-E498-4133-A372-CFB3436AE8AD}.Release|Any CPU.Build.0 = Release|Any CPU
		{3FFD3A24-FC43-42DD-9E4B-097AA033FBD4}.Debug|Any CPU.ActiveCfg = Debug|Any CPU
		{3FFD3A24-FC43-42DD-9E4B-097AA033FBD4}.Debug|Any CPU.Build.0 = Debug|Any CPU
		{3FFD3A24-FC43-42DD-9E4B-097AA033FBD4}.Release|Any CPU.ActiveCfg = Release|Any CPU
		{3FFD3A24-FC43-42DD-9E4B-097AA033FBD4}.Release|Any CPU.Build.0 = Release|Any CPU
		{0E914AA0-B2BC-481D-B90F-5D5019E94811}.Debug|Any CPU.ActiveCfg = Debug|Any CPU
		{0E914AA0-B2BC-481D-B90F-5D5019E94811}.Debug|Any CPU.Build.0 = Debug|Any CPU
		{0E914AA0-B2BC-481D-B90F-5D5019E94811}.Release|Any CPU.ActiveCfg = Release|Any CPU
		{0E914AA0-B2BC-481D-B90F-5D5019E94811}.Release|Any CPU.Build.0 = Release|Any CPU
		{92324B5A-6A47-4530-9352-0D4B4AE941E8}.Debug|Any CPU.ActiveCfg = Debug|Any CPU
		{92324B5A-6A47-4530-9352-0D4B4AE941E8}.Debug|Any CPU.Build.0 = Debug|Any CPU
		{92324B5A-6A47-4530-9352-0D4B4AE941E8}.Release|Any CPU.ActiveCfg = Release|Any CPU
		{92324B5A-6A47-4530-9352-0D4B4AE941E8}.Release|Any CPU.Build.0 = Release|Any CPU
		{9DFA9CE9-D364-463D-B537-93727A8F9130}.Debug|Any CPU.ActiveCfg = Debug|Any CPU
		{9DFA9CE9-D364-463D-B537-93727A8F9130}.Debug|Any CPU.Build.0 = Debug|Any CPU
		{9DFA9CE9-D364-463D-B537-93727A8F9130}.Release|Any CPU.ActiveCfg = Release|Any CPU
		{9DFA9CE9-D364-463D-B537-93727A8F9130}.Release|Any CPU.Build.0 = Release|Any CPU
		{A29B5D15-CC74-47C1-AB07-9B31570E6F39}.Debug|Any CPU.ActiveCfg = Debug|Any CPU
		{A29B5D15-CC74-47C1-AB07-9B31570E6F39}.Debug|Any CPU.Build.0 = Debug|Any CPU
		{A29B5D15-CC74-47C1-AB07-9B31570E6F39}.Release|Any CPU.ActiveCfg = Release|Any CPU
		{A29B5D15-CC74-47C1-AB07-9B31570E6F39}.Release|Any CPU.Build.0 = Release|Any CPU
		{6E7284AC-E127-4322-A906-B17EECC11F8F}.Debug|Any CPU.ActiveCfg = Debug|Any CPU
		{6E7284AC-E127-4322-A906-B17EECC11F8F}.Debug|Any CPU.Build.0 = Debug|Any CPU
		{6E7284AC-E127-4322-A906-B17EECC11F8F}.Release|Any CPU.ActiveCfg = Release|Any CPU
		{6E7284AC-E127-4322-A906-B17EECC11F8F}.Release|Any CPU.Build.0 = Release|Any CPU
		{D4E21705-E9E8-4263-8EA5-61D0D0CA5841}.Debug|Any CPU.ActiveCfg = Debug|Any CPU
		{D4E21705-E9E8-4263-8EA5-61D0D0CA5841}.Debug|Any CPU.Build.0 = Debug|Any CPU
		{D4E21705-E9E8-4263-8EA5-61D0D0CA5841}.Release|Any CPU.ActiveCfg = Release|Any CPU
		{D4E21705-E9E8-4263-8EA5-61D0D0CA5841}.Release|Any CPU.Build.0 = Release|Any CPU
		{2412FC54-1975-4753-B2D8-C6FFC813085F}.Debug|Any CPU.ActiveCfg = Debug|Any CPU
		{2412FC54-1975-4753-B2D8-C6FFC813085F}.Debug|Any CPU.Build.0 = Debug|Any CPU
		{2412FC54-1975-4753-B2D8-C6FFC813085F}.Release|Any CPU.ActiveCfg = Release|Any CPU
		{2412FC54-1975-4753-B2D8-C6FFC813085F}.Release|Any CPU.Build.0 = Release|Any CPU
		{A83CF870-2A86-4C20-A1B1-A8FF5B4C3FFC}.Debug|Any CPU.ActiveCfg = Debug|Any CPU
		{A83CF870-2A86-4C20-A1B1-A8FF5B4C3FFC}.Debug|Any CPU.Build.0 = Debug|Any CPU
		{A83CF870-2A86-4C20-A1B1-A8FF5B4C3FFC}.Release|Any CPU.ActiveCfg = Release|Any CPU
		{A83CF870-2A86-4C20-A1B1-A8FF5B4C3FFC}.Release|Any CPU.Build.0 = Release|Any CPU
		{6E6F4C64-ED45-4931-9394-DBB365202D6A}.Debug|Any CPU.ActiveCfg = Debug|Any CPU
		{6E6F4C64-ED45-4931-9394-DBB365202D6A}.Debug|Any CPU.Build.0 = Debug|Any CPU
		{6E6F4C64-ED45-4931-9394-DBB365202D6A}.Release|Any CPU.ActiveCfg = Release|Any CPU
		{6E6F4C64-ED45-4931-9394-DBB365202D6A}.Release|Any CPU.Build.0 = Release|Any CPU
		{847FF05A-48DE-4BB4-B3F2-F18DC4039580}.Debug|Any CPU.ActiveCfg = Debug|Any CPU
		{847FF05A-48DE-4BB4-B3F2-F18DC4039580}.Debug|Any CPU.Build.0 = Debug|Any CPU
		{847FF05A-48DE-4BB4-B3F2-F18DC4039580}.Release|Any CPU.ActiveCfg = Release|Any CPU
		{847FF05A-48DE-4BB4-B3F2-F18DC4039580}.Release|Any CPU.Build.0 = Release|Any CPU
		{60E8C70E-F9C6-4FE6-AA6B-C1EE19F4F84D}.Debug|Any CPU.ActiveCfg = Debug|Any CPU
		{60E8C70E-F9C6-4FE6-AA6B-C1EE19F4F84D}.Debug|Any CPU.Build.0 = Debug|Any CPU
		{60E8C70E-F9C6-4FE6-AA6B-C1EE19F4F84D}.Release|Any CPU.ActiveCfg = Release|Any CPU
		{60E8C70E-F9C6-4FE6-AA6B-C1EE19F4F84D}.Release|Any CPU.Build.0 = Release|Any CPU
		{6B496BF8-1858-403B-B281-742BB577F381}.Debug|Any CPU.ActiveCfg = Debug|Any CPU
		{6B496BF8-1858-403B-B281-742BB577F381}.Debug|Any CPU.Build.0 = Debug|Any CPU
		{6B496BF8-1858-403B-B281-742BB577F381}.Release|Any CPU.ActiveCfg = Release|Any CPU
		{6B496BF8-1858-403B-B281-742BB577F381}.Release|Any CPU.Build.0 = Release|Any CPU
	EndGlobalSection
	GlobalSection(SolutionProperties) = preSolution
		HideSolutionNode = FALSE
	EndGlobalSection
	GlobalSection(NestedProjects) = preSolution
		{23CD6DE4-2553-46E6-90B0-0C04D5D5B697} = {51768B77-531D-4E73-BC41-2DBE4F14E9C3}
		{F68824C8-4518-4AC7-9506-61B918705848} = {51768B77-531D-4E73-BC41-2DBE4F14E9C3}
		{08CBC042-22BC-444C-9125-C33D6C05AF2C} = {51768B77-531D-4E73-BC41-2DBE4F14E9C3}
		{31CCA766-06FF-41DC-A0FB-D649FD77D348} = {51768B77-531D-4E73-BC41-2DBE4F14E9C3}
		{EFD40250-224E-45C6-B87D-A5513F42D9D8} = {9EF569B2-0B47-46F4-94A2-99A54E0999BF}
		{0B6DF9B6-E498-4133-A372-CFB3436AE8AD} = {9EF569B2-0B47-46F4-94A2-99A54E0999BF}
		{3FFD3A24-FC43-42DD-9E4B-097AA033FBD4} = {9EF569B2-0B47-46F4-94A2-99A54E0999BF}
		{0E914AA0-B2BC-481D-B90F-5D5019E94811} = {9EF569B2-0B47-46F4-94A2-99A54E0999BF}
		{92324B5A-6A47-4530-9352-0D4B4AE941E8} = {9EF569B2-0B47-46F4-94A2-99A54E0999BF}
		{9DFA9CE9-D364-463D-B537-93727A8F9130} = {5BC32BDD-E7F8-4696-B08F-319D1463AAD2}
		{A29B5D15-CC74-47C1-AB07-9B31570E6F39} = {5BC32BDD-E7F8-4696-B08F-319D1463AAD2}
		{6E7284AC-E127-4322-A906-B17EECC11F8F} = {5BC32BDD-E7F8-4696-B08F-319D1463AAD2}
		{D4E21705-E9E8-4263-8EA5-61D0D0CA5841} = {4CE7028D-05BA-4727-BFFB-C8D13071A663}
		{2412FC54-1975-4753-B2D8-C6FFC813085F} = {4CE7028D-05BA-4727-BFFB-C8D13071A663}
		{A83CF870-2A86-4C20-A1B1-A8FF5B4C3FFC} = {4CE7028D-05BA-4727-BFFB-C8D13071A663}
		{6E6F4C64-ED45-4931-9394-DBB365202D6A} = {356DF766-3BB1-4526-8939-08E29043D7DD}
		{847FF05A-48DE-4BB4-B3F2-F18DC4039580} = {356DF766-3BB1-4526-8939-08E29043D7DD}
		{60E8C70E-F9C6-4FE6-AA6B-C1EE19F4F84D} = {356DF766-3BB1-4526-8939-08E29043D7DD}
		{6B496BF8-1858-403B-B281-742BB577F381} = {356DF766-3BB1-4526-8939-08E29043D7DD}
	EndGlobalSection
	GlobalSection(ExtensibilityGlobals) = postSolution
		SolutionGuid = {FED81654-D13A-44C1-8E03-B5A1123524E6}
	EndGlobalSection
EndGlobal
